# This file is autogenerated, do not edit; changes may be undone by the next 'dep ensure'.


[[projects]]
  name = "github.com/BurntSushi/toml"
  packages = ["."]
  revision = "b26d9c308763d68093482582cea63d69be07a0f0"
  version = "v0.3.0"

[[projects]]
  branch = "master"
  name = "github.com/dingdayu/golangtools"
  packages = ["config","config/ini","config/json","config/toml","config/xml","config/yaml"]
  revision = "6cb5b1147702394215f90f71d2909552f568cbc3"

[[projects]]
  branch = "master"
  name = "github.com/goinggo/mapstructure"
  packages = ["."]
  revision = "194205d9b4a98eff86d4e8d3c0dfe87dea59ef81"

[[projects]]
  name = "gopkg.in/gcfg.v1"
  packages = [".","scanner","token","types"]
  revision = "298b7a6a3838f79debfaee8bd3bfb2b8d779e756"
  version = "v1.2.1"

[[projects]]
  name = "gopkg.in/warnings.v0"
  packages = ["."]
  revision = "ec4a0fea49c7b46c2aeb0b51aac55779c607e52b"
  version = "v0.1.2"

[[projects]]
  branch = "v2"
  name = "gopkg.in/yaml.v2"
  packages = ["."]
  revision = "287cf08546ab5e7e37d55a84f7ed3fd1db036de5"

[solve-meta]
  analyzer-name = "dep"
  analyzer-version = 1
  inputs-digest = "a48c536c39c0f3c71997218395f7dba02d8b40045434974875c4b6e621018e70"
  solver-name = "gps-cdcl"
  solver-version = 1
